
Microsoft Visual Studio Solution File, Format Version 12.00
# Visual Studio Version 17
VisualStudioVersion = 17.14.36401.2 d17.14
MinimumVisualStudioVersion = 10.0.40219.1
Project("{FAE04EC0-301F-11D3-BF4B-00C04F79EFBC}") = "Tutorial_2_4", "Tutorial_2_4\Tutorial_2_4.csproj", "{315A9520-6F4A-46AC-BF7E-DF29068B27ED}"
EndProject
Global
	GlobalSection(SolutionConfigurationPlatforms) = preSolution
		Debug|Any CPU = Debug|Any CPU
		Release|Any CPU = Release|Any CPU
	EndGlobalSection
	GlobalSection(ProjectConfigurationPlatforms) = postSolution
		{315A9520-6F4A-46AC-BF7E-DF29068B27ED}.Debug|Any CPU.ActiveCfg = Debug|Any CPU
		{315A9520-6F4A-46AC-BF7E-DF29068B27ED}.Debug|Any CPU.Build.0 = Debug|Any CPU
		{315A9520-6F4A-46AC-BF7E-DF29068B27ED}.Release|Any CPU.ActiveCfg = Release|Any CPU
		{315A9520-6F4A-46AC-BF7E-DF29068B27ED}.Release|Any CPU.Build.0 = Release|Any CPU
	EndGlobalSection
	GlobalSection(SolutionProperties) = preSolution
		HideSolutionNode = FALSE
	EndGlobalSection
	GlobalSection(ExtensibilityGlobals) = postSolution
		SolutionGuid = {7A1095C3-041B-4AB7-B88A-5D1C8EC55EDB}
	EndGlobalSection
EndGlobal
