
Microsoft Visual Studio Solution File, Format Version 12.00
# Visual Studio Version 17
VisualStudioVersion = 17.14.36401.2 d17.14
MinimumVisualStudioVersion = 10.0.40219.1
Project("{FAE04EC0-301F-11D3-BF4B-00C04F79EFBC}") = "RadioButtonDemo", "RadioButtonDemo\RadioButtonDemo.csproj", "{D438EC5A-285A-4F0C-B228-87592C4DAB5D}"
EndProject
Global
	GlobalSection(SolutionConfigurationPlatforms) = preSolution
		Debug|Any CPU = Debug|Any CPU
		Release|Any CPU = Release|Any CPU
	EndGlobalSection
	GlobalSection(ProjectConfigurationPlatforms) = postSolution
		{D438EC5A-285A-4F0C-B228-87592C4DAB5D}.Debug|Any CPU.ActiveCfg = Debug|Any CPU
		{D438EC5A-285A-4F0C-B228-87592C4DAB5D}.Debug|Any CPU.Build.0 = Debug|Any CPU
		{D438EC5A-285A-4F0C-B228-87592C4DAB5D}.Release|Any CPU.ActiveCfg = Release|Any CPU
		{D438EC5A-285A-4F0C-B228-87592C4DAB5D}.Release|Any CPU.Build.0 = Release|Any CPU
	EndGlobalSection
	GlobalSection(SolutionProperties) = preSolution
		HideSolutionNode = FALSE
	EndGlobalSection
	GlobalSection(ExtensibilityGlobals) = postSolution
		SolutionGuid = {F9805CC1-A2E5-46DE-A563-9401CFA22D32}
	EndGlobalSection
EndGlobal
