
Microsoft Visual Studio Solution File, Format Version 12.00
# Visual Studio Version 17
VisualStudioVersion = 17.14.36401.2 d17.14
MinimumVisualStudioVersion = 10.0.40219.1
Project("{FAE04EC0-301F-11D3-BF4B-00C04F79EFBC}") = "GroupBoxDemo", "GroupBoxDemo\GroupBoxDemo.csproj", "{AB3392E2-FE59-4DA9-8CBB-025C0C1E94A5}"
EndProject
Global
	GlobalSection(SolutionConfigurationPlatforms) = preSolution
		Debug|Any CPU = Debug|Any CPU
		Release|Any CPU = Release|Any CPU
	EndGlobalSection
	GlobalSection(ProjectConfigurationPlatforms) = postSolution
		{AB3392E2-FE59-4DA9-8CBB-025C0C1E94A5}.Debug|Any CPU.ActiveCfg = Debug|Any CPU
		{AB3392E2-FE59-4DA9-8CBB-025C0C1E94A5}.Debug|Any CPU.Build.0 = Debug|Any CPU
		{AB3392E2-FE59-4DA9-8CBB-025C0C1E94A5}.Release|Any CPU.ActiveCfg = Release|Any CPU
		{AB3392E2-FE59-4DA9-8CBB-025C0C1E94A5}.Release|Any CPU.Build.0 = Release|Any CPU
	EndGlobalSection
	GlobalSection(SolutionProperties) = preSolution
		HideSolutionNode = FALSE
	EndGlobalSection
	GlobalSection(ExtensibilityGlobals) = postSolution
		SolutionGuid = {BAAFB141-E66D-4DE1-BDF6-E5D3D02B2C87}
	EndGlobalSection
EndGlobal
